
Microsoft Visual Studio Solution File, Format Version 12.00
# Visual Studio Version 17
VisualStudioVersion = 17.2.32630.192
MinimumVisualStudioVersion = 10.0.40219.1
Project("{9A19103F-16F7-4668-BE54-9A1E7A4F7556}") = "SmartGallery.UI", "SmartGallery\SmartGallery.UI.csproj", "{C008A34B-8CCC-4095-9A2D-29750B1218B4}"
EndProject
Project("{9A19103F-16F7-4668-BE54-9A1E7A4F7556}") = "ImageClassification.Score", "ImageClassification\ImageClassification.Score.csproj", "{1772456F-7F10-4160-BFE5-2BAEA6273D5F}"
EndProject
Global
	GlobalSection(SolutionConfigurationPlatforms) = preSolution
		Debug|Any CPU = Debug|Any CPU
		Release|Any CPU = Release|Any CPU
	EndGlobalSection
	GlobalSection(ProjectConfigurationPlatforms) = postSolution
		{C008A34B-8CCC-4095-9A2D-29750B1218B4}.Debug|Any CPU.ActiveCfg = Debug|Any CPU
		{C008A34B-8CCC-4095-9A2D-29750B1218B4}.Debug|Any CPU.Build.0 = Debug|Any CPU
		{C008A34B-8CCC-4095-9A2D-29750B1218B4}.Release|Any CPU.ActiveCfg = Release|Any CPU
		{C008A34B-8CCC-4095-9A2D-29750B1218B4}.Release|Any CPU.Build.0 = Release|Any CPU
		{1772456F-7F10-4160-BFE5-2BAEA6273D5F}.Debug|Any CPU.ActiveCfg = Debug|Any CPU
		{1772456F-7F10-4160-BFE5-2BAEA6273D5F}.Debug|Any CPU.Build.0 = Debug|Any CPU
		{1772456F-7F10-4160-BFE5-2BAEA6273D5F}.Release|Any CPU.ActiveCfg = Release|Any CPU
		{1772456F-7F10-4160-BFE5-2BAEA6273D5F}.Release|Any CPU.Build.0 = Release|Any CPU
	EndGlobalSection
	GlobalSection(SolutionProperties) = preSolution
		HideSolutionNode = FALSE
	EndGlobalSection
	GlobalSection(ExtensibilityGlobals) = postSolution
		SolutionGuid = {271005AA-DAE4-4516-B6AE-4FD9CA001955}
	EndGlobalSection
EndGlobal
